// !$*UTF8*$!
{
	archiveVersion = 1;
	classes = {
	};
	objectVersion = 46;
	objects = {

/* Begin PBXBuildFile section */
		6E318D3D1DE6079700D7905E /* AppDelegate.swift in Sources */ = {isa = PBXBuildFile; fileRef = 6E318D3C1DE6079700D7905E /* AppDelegate.swift */; };
		6E318D3F1DE6079700D7905E /* ViewController.swift in Sources */ = {isa = PBXBuildFile; fileRef = 6E318D3E1DE6079700D7905E /* ViewController.swift */; };
		6E318D421DE6079700D7905E /* Main.storyboard in Resources */ = {isa = PBXBuildFile; fileRef = 6E318D401DE6079700D7905E /* Main.storyboard */; };
		6E318D441DE6079700D7905E /* Assets.xcassets in Resources */ = {isa = PBXBuildFile; fileRef = 6E318D431DE6079700D7905E /* Assets.xcassets */; };
		6E318D471DE6079700D7905E /* LaunchScreen.storyboard in Resources */ = {isa = PBXBuildFile; fileRef = 6E318D451DE6079700D7905E /* LaunchScreen.storyboard */; };
		6E318D521DE6079700D7905E /* MChatTests.swift in Sources */ = {isa = PBXBuildFile; fileRef = 6E318D511DE6079700D7905E /* MChatTests.swift */; };
		6E318D5D1DE6079700D7905E /* MChatUITests.swift in Sources */ = {isa = PBXBuildFile; fileRef = 6E318D5C1DE6079700D7905E /* MChatUITests.swift */; };
/* End PBXBuildFile section */

/* Begin PBXContainerItemProxy section */
		6E318D4E1DE6079700D7905E /* PBXContainerItemProxy */ = {
			isa = PBXContainerItemProxy;
			containerPortal = 6E318D311DE6079700D7905E /* Project object */;
			proxyType = 1;
			remoteGlobalIDString = 6E318D381DE6079700D7905E;
			remoteInfo = MChat;
		};
		6E318D591DE6079700D7905E /* PBXContainerItemProxy */ = {
			isa = PBXContainerItemProxy;
			containerPortal = 6E318D311DE6079700D7905E /* Project object */;
			proxyType = 1;
			remoteGlobalIDString = 6E318D381DE6079700D7905E;
			remoteInfo = MChat;
		};
/* End PBXContainerItemProxy section */

/* Begin PBXFileReference section */
		6E318D391DE6079700D7905E /* MChat.app */ = {isa = PBXFileReference; explicitFileType = wrapper.application; includeInIndex = 0; path = MChat.app; sourceTree = BUILT_PRODUCTS_DIR; };
		6E318D3C1DE6079700D7905E /* AppDelegate.swift */ = {isa = PBXFileReference; lastKnownFileType = sourcecode.swift; path = AppDelegate.swift; sourceTree = "<group>"; };
		6E318D3E1DE6079700D7905E /* ViewController.swift */ = {isa = PBXFileReference; lastKnownFileType = sourcecode.swift; path = ViewController.swift; sourceTree = "<group>"; };
		6E318D411DE6079700D7905E /* Base */ = {isa = PBXFileReference; lastKnownFileType = file.storyboard; name = Base; path = Base.lproj/Main.storyboard; sourceTree = "<group>"; };
		6E318D431DE6079700D7905E /* Assets.xcassets */ = {isa = PBXFileReference; lastKnownFileType = folder.assetcatalog; path = Assets.xcassets; sourceTree = "<group>"; };
		6E318D461DE6079700D7905E /* Base */ = {isa = PBXFileReference; lastKnownFileType = file.storyboard; name = Base; path = Base.lproj/LaunchScreen.storyboard; sourceTree = "<group>"; };
		6E318D481DE6079700D7905E /* Info.plist */ = {isa = PBXFileReference; lastKnownFileType = text.plist.xml; path = Info.plist; sourceTree = "<group>"; };
		6E318D4D1DE6079700D7905E /* MChatTests.xctest */ = {isa = PBXFileReference; explicitFileType = wrapper.cfbundle; includeInIndex = 0; path = MChatTests.xctest; sourceTree = BUILT_PRODUCTS_DIR; };
		6E318D511DE6079700D7905E /* MChatTests.swift */ = {isa = PBXFileReference; lastKnownFileType = sourcecode.swift; path = MChatTests.swift; sourceTree = "<group>"; };
		6E318D531DE6079700D7905E /* Info.plist */ = {isa = PBXFileReference; lastKnownFileType = text.plist.xml; path = Info.plist; sourceTree = "<group>"; };
		6E318D581DE6079700D7905E /* MChatUITests.xctest */ = {isa = PBXFileReference; explicitFileType = wrapper.cfbundle; includeInIndex = 0; path = MChatUITests.xctest; sourceTree = BUILT_PRODUCTS_DIR; };
		6E318D5C1DE6079700D7905E /* MChatUITests.swift */ = {isa = PBXFileReference; lastKnownFileType = sourcecode.swift; path = MChatUITests.swift; sourceTree = "<group>"; };
		6E318D5E1DE6079700D7905E /* Info.plist */ = {isa = PBXFileReference; lastKnownFileType = text.plist.xml; path = Info.plist; sourceTree = "<group>"; };
/* End PBXFileReference section */

/* Begin PBXFrameworksBuildPhase section */
		6E318D361DE6079700D7905E /* Frameworks */ = {
			isa = PBXFrameworksBuildPhase;
			buildActionMask = 2147483647;
			files = (
			);
			runOnlyForDeploymentPostprocessing = 0;
		};
		6E318D4A1DE6079700D7905E /* Frameworks */ = {
			isa = PBXFrameworksBuildPhase;
			buildActionMask = 2147483647;
			files = (
			);
			runOnlyForDeploymentPostprocessing = 0;
		};
		6E318D551DE6079700D7905E /* Frameworks */ = {
			isa = PBXFrameworksBuildPhase;
			buildActionMask = 2147483647;
			files = (
			);
			runOnlyForDeploymentPostprocessing = 0;
		};
/* End PBXFrameworksBuildPhase section */

/* Begin PBXGroup section */
		6E318D301DE6079700D7905E = {
			isa = PBXGroup;
			children = (
				6E318D3B1DE6079700D7905E /* MChat */,
				6E318D501DE6079700D7905E /* MChatTests */,
				6E318D5B1DE6079700D7905E /* MChatUITests */,
				6E318D3A1DE6079700D7905E /* Products */,
			);
			sourceTree = "<group>";
		};
		6E318D3A1DE6079700D7905E /* Products */ = {
			isa = PBXGroup;
			children = (
				6E318D391DE6079700D7905E /* MChat.app */,
				6E318D4D1DE6079700D7905E /* MChatTests.xctest */,
				6E318D581DE6079700D7905E /* MChatUITests.xctest */,
			);
			name = Products;
			sourceTree = "<group>";
		};
		6E318D3B1DE6079700D7905E /* MChat */ = {
			isa = PBXGroup;
			children = (
				6E318D3C1DE6079700D7905E /* AppDelegate.swift */,
				6E318D3E1DE6079700D7905E /* ViewController.swift */,
				6E318D401DE6079700D7905E /* Main.storyboard */,
				6E318D431DE6079700D7905E /* Assets.xcassets */,
				6E318D451DE6079700D7905E /* LaunchScreen.storyboard */,
				6E318D481DE6079700D7905E /* Info.plist */,
			);
			path = MChat;
			sourceTree = "<group>";
		};
		6E318D501DE6079700D7905E /* MChatTests */ = {
			isa = PBXGroup;
			children = (
				6E318D511DE6079700D7905E /* MChatTests.swift */,
				6E318D531DE6079700D7905E /* Info.plist */,
			);
			path = MChatTests;
			sourceTree = "<group>";
		};
		6E318D5B1DE6079700D7905E /* MChatUITests */ = {
			isa = PBXGroup;
			children = (
				6E318D5C1DE6079700D7905E /* MChatUITests.swift */,
				6E318D5E1DE6079700D7905E /* Info.plist */,
			);
			path = MChatUITests;
			sourceTree = "<group>";
		};
/* End PBXGroup section */

/* Begin PBXNativeTarget section */
		6E318D381DE6079700D7905E /* MChat */ = {
			isa = PBXNativeTarget;
			buildConfigurationList = 6E318D611DE6079700D7905E /* Build configuration list for PBXNativeTarget "MChat" */;
			buildPhases = (
				6E318D351DE6079700D7905E /* Sources */,
				6E318D361DE6079700D7905E /* Frameworks */,
				6E318D371DE6079700D7905E /* Resources */,
			);
			buildRules = (
			);
			dependencies = (
			);
			name = MChat;
			productName = MChat;
			productReference = 6E318D391DE6079700D7905E /* MChat.app */;
			productType = "com.apple.product-type.application";
		};
		6E318D4C1DE6079700D7905E /* MChatTests */ = {
			isa = PBXNativeTarget;
			buildConfigurationList = 6E318D641DE6079700D7905E /* Build configuration list for PBXNativeTarget "MChatTests" */;
			buildPhases = (
				6E318D491DE6079700D7905E /* Sources */,
				6E318D4A1DE6079700D7905E /* Frameworks */,
				6E318D4B1DE6079700D7905E /* Resources */,
			);
			buildRules = (
			);
			dependencies = (
				6E318D4F1DE6079700D7905E /* PBXTargetDependency */,
			);
			name = MChatTests;
			productName = MChatTests;
			productReference = 6E318D4D1DE6079700D7905E /* MChatTests.xctest */;
			productType = "com.apple.product-type.bundle.unit-test";
		};
		6E318D571DE6079700D7905E /* MChatUITests */ = {
			isa = PBXNativeTarget;
			buildConfigurationList = 6E318D671DE6079700D7905E /* Build configuration list for PBXNativeTarget "MChatUITests" */;
			buildPhases = (
				6E318D541DE6079700D7905E /* Sources */,
				6E318D551DE6079700D7905E /* Frameworks */,
				6E318D561DE6079700D7905E /* Resources */,
			);
			buildRules = (
			);
			dependencies = (
				6E318D5A1DE6079700D7905E /* PBXTargetDependency */,
			);
			name = MChatUITests;
			productName = MChatUITests;
			productReference = 6E318D581DE6079700D7905E /* MChatUITests.xctest */;
			productType = "com.apple.product-type.bundle.ui-testing";
		};
/* End PBXNativeTarget section */

/* Begin PBXProject section */
		6E318D311DE6079700D7905E /* Project object */ = {
			isa = PBXProject;
			attributes = {
				LastSwiftUpdateCheck = 0800;
				LastUpgradeCheck = 0800;
				ORGANIZATIONNAME = ItaiSt;
				TargetAttributes = {
					6E318D381DE6079700D7905E = {
						CreatedOnToolsVersion = 8.0;
						DevelopmentTeam = 2NS37RR7C6;
						ProvisioningStyle = Automatic;
					};
					6E318D4C1DE6079700D7905E = {
						CreatedOnToolsVersion = 8.0;
						DevelopmentTeam = 2NS37RR7C6;
						ProvisioningStyle = Automatic;
						TestTargetID = 6E318D381DE6079700D7905E;
					};
					6E318D571DE6079700D7905E = {
						CreatedOnToolsVersion = 8.0;
						DevelopmentTeam = 2NS37RR7C6;
						ProvisioningStyle = Automatic;
						TestTargetID = 6E318D381DE6079700D7905E;
					};
				};
			};
			buildConfigurationList = 6E318D341DE6079700D7905E /* Build configuration list for PBXProject "MChat" */;
			compatibilityVersion = "Xcode 3.2";
			developmentRegion = English;
			hasScannedForEncodings = 0;
			knownRegions = (
				en,
				Base,
			);
			mainGroup = 6E318D301DE6079700D7905E;
			productRefGroup = 6E318D3A1DE6079700D7905E /* Products */;
			projectDirPath = "";
			projectRoot = "";
			targets = (
				6E318D381DE6079700D7905E /* MChat */,
				6E318D4C1DE6079700D7905E /* MChatTests */,
				6E318D571DE6079700D7905E /* MChatUITests */,
			);
		};
/* End PBXProject section */

/* Begin PBXResourcesBuildPhase section */
		6E318D371DE6079700D7905E /* Resources */ = {
			isa = PBXResourcesBuildPhase;
			buildActionMask = 2147483647;
			files = (
				6E318D471DE6079700D7905E /* LaunchScreen.storyboard in Resources */,
				6E318D441DE6079700D7905E /* Assets.xcassets in Resources */,
				6E318D421DE6079700D7905E /* Main.storyboard in Resources */,
			);
			runOnlyForDeploymentPostprocessing = 0;
		};
		6E318D4B1DE6079700D7905E /* Resources */ = {
			isa = PBXResourcesBuildPhase;
			buildActionMask = 2147483647;
			files = (
			);
			runOnlyForDeploymentPostprocessing = 0;
		};
		6E318D561DE6079700D7905E /* Resources */ = {
			isa = PBXResourcesBuildPhase;
			buildActionMask = 2147483647;
			files = (
			);
			runOnlyForDeploymentPostprocessing = 0;
		};
/* End PBXResourcesBuildPhase section */

/* Begin PBXSourcesBuildPhase section */
		6E318D351DE6079700D7905E /* Sources */ = {
			isa = PBXSourcesBuildPhase;
			buildActionMask = 2147483647;
			files = (
				6E318D3F1DE6079700D7905E /* ViewController.swift in Sources */,
				6E318D3D1DE6079700D7905E /* AppDelegate.swift in Sources */,
			);
			runOnlyForDeploymentPostprocessing = 0;
		};
		6E318D491DE6079700D7905E /* Sources */ = {
			isa = PBXSourcesBuildPhase;
			buildActionMask = 2147483647;
			files = (
				6E318D521DE6079700D7905E /* MChatTests.swift in Sources */,
			);
			runOnlyForDeploymentPostprocessing = 0;
		};
		6E318D541DE6079700D7905E /* Sources */ = {
			isa = PBXSourcesBuildPhase;
			buildActionMask = 2147483647;
			files = (
				6E318D5D1DE6079700D7905E /* MChatUITests.swift in Sources */,
			);
			runOnlyForDeploymentPostprocessing = 0;
		};
/* End PBXSourcesBuildPhase section */

/* Begin PBXTargetDependency section */
		6E318D4F1DE6079700D7905E /* PBXTargetDependency */ = {
			isa = PBXTargetDependency;
			target = 6E318D381DE6079700D7905E /* MChat */;
			targetProxy = 6E318D4E1DE6079700D7905E /* PBXContainerItemProxy */;
		};
		6E318D5A1DE6079700D7905E /* PBXTargetDependency */ = {
			isa = PBXTargetDependency;
			target = 6E318D381DE6079700D7905E /* MChat */;
			targetProxy = 6E318D591DE6079700D7905E /* PBXContainerItemProxy */;
		};
/* End PBXTargetDependency section */

/* Begin PBXVariantGroup section */
		6E318D401DE6079700D7905E /* Main.storyboard */ = {
			isa = PBXVariantGroup;
			children = (
				6E318D411DE6079700D7905E /* Base */,
			);
			name = Main.storyboard;
			sourceTree = "<group>";
		};
		6E318D451DE6079700D7905E /* LaunchScreen.storyboard */ = {
			isa = PBXVariantGroup;
			children = (
				6E318D461DE6079700D7905E /* Base */,
			);
			name = LaunchScreen.storyboard;
			sourceTree = "<group>";
		};
/* End PBXVariantGroup section */

/* Begin XCBuildConfiguration section */
		6E318D5F1DE6079700D7905E /* Debug */ = {
			isa = XCBuildConfiguration;
			buildSettings = {
				ALWAYS_SEARCH_USER_PATHS = NO;
				CLANG_ANALYZER_NONNULL = YES;
				CLANG_CXX_LANGUAGE_STANDARD = "gnu++0x";
				CLANG_CXX_LIBRARY = "libc++";
				CLANG_ENABLE_MODULES = YES;
				CLANG_ENABLE_OBJC_ARC = YES;
				CLANG_WARN_BOOL_CONVERSION = YES;
				CLANG_WARN_CONSTANT_CONVERSION = YES;
				CLANG_WARN_DIRECT_OBJC_ISA_USAGE = YES_ERROR;
				CLANG_WARN_DOCUMENTATION_COMMENTS = YES;
				CLANG_WARN_EMPTY_BODY = YES;
				CLANG_WARN_ENUM_CONVERSION = YES;
				CLANG_WARN_INFINITE_RECURSION = YES;
				CLANG_WARN_INT_CONVERSION = YES;
				CLANG_WARN_OBJC_ROOT_CLASS = YES_ERROR;
				CLANG_WARN_SUSPICIOUS_MOVES = YES;
				CLANG_WARN_UNREACHABLE_CODE = YES;
				CLANG_WARN__DUPLICATE_METHOD_MATCH = YES;
				"CODE_SIGN_IDENTITY[sdk=iphoneos*]" = "iPhone Developer";
				COPY_PHASE_STRIP = NO;
				DEBUG_INFORMATION_FORMAT = dwarf;
				ENABLE_STRICT_OBJC_MSGSEND = YES;
				ENABLE_TESTABILITY = YES;
				GCC_C_LANGUAGE_STANDARD = gnu99;
				GCC_DYNAMIC_NO_PIC = NO;
				GCC_NO_COMMON_BLOCKS = YES;
				GCC_OPTIMIZATION_LEVEL = 0;
				GCC_PREPROCESSOR_DEFINITIONS = (
					"DEBUG=1",
					"$(inherited)",
				);
				GCC_WARN_64_TO_32_BIT_CONVERSION = YES;
				GCC_WARN_ABOUT_RETURN_TYPE = YES_ERROR;
				GCC_WARN_UNDECLARED_SELECTOR = YES;
				GCC_WARN_UNINITIALIZED_AUTOS = YES_AGGRESSIVE;
				GCC_WARN_UNUSED_FUNCTION = YES;
				GCC_WARN_UNUSED_VARIABLE = YES;
				IPHONEOS_DEPLOYMENT_TARGET = 10.0;
				MTL_ENABLE_DEBUG_INFO = YES;
				ONLY_ACTIVE_ARCH = YES;
				SDKROOT = iphoneos;
				SWIFT_ACTIVE_COMPILATION_CONDITIONS = DEBUG;
				SWIFT_OPTIMIZATION_LEVEL = "-Onone";
				TARGETED_DEVICE_FAMILY = "1,2";
			};
			name = Debug;
		};
		6E318D601DE6079700D7905E /* Release */ = {
			isa = XCBuildConfiguration;
			buildSettings = {
				ALWAYS_SEARCH_USER_PATHS = NO;
				CLANG_ANALYZER_NONNULL = YES;
				CLANG_CXX_LANGUAGE_STANDARD = "gnu++0x";
				CLANG_CXX_LIBRARY = "libc++";
				CLANG_ENABLE_MODULES = YES;
				CLANG_ENABLE_OBJC_ARC = YES;
				CLANG_WARN_BOOL_CONVERSION = YES;
				CLANG_WARN_CONSTANT_CONVERSION = YES;
				CLANG_WARN_DIRECT_OBJC_ISA_USAGE = YES_ERROR;
				CLANG_WARN_DOCUMENTATION_COMMENTS = YES;
				CLANG_WARN_EMPTY_BODY = YES;
				CLANG_WARN_ENUM_CONVERSION = YES;
				CLANG_WARN_INFINITE_RECURSION = YES;
				CLANG_WARN_INT_CONVERSION = YES;
				CLANG_WARN_OBJC_ROOT_CLASS = YES_ERROR;
				CLANG_WARN_SUSPICIOUS_MOVES = YES;
				CLANG_WARN_UNREACHABLE_CODE = YES;
				CLANG_WARN__DUPLICATE_METHOD_MATCH = YES;
				"CODE_SIGN_IDENTITY[sdk=iphoneos*]" = "iPhone Developer";
				COPY_PHASE_STRIP = NO;
				DEBUG_INFORMATION_FORMAT = "dwarf-with-dsym";
				ENABLE_NS_ASSERTIONS = NO;
				ENABLE_STRICT_OBJC_MSGSEND = YES;
				GCC_C_LANGUAGE_STANDARD = gnu99;
				GCC_NO_COMMON_BLOCKS = YES;
				GCC_WARN_64_TO_32_BIT_CONVERSION = YES;
				GCC_WARN_ABOUT_RETURN_TYPE = YES_ERROR;
				GCC_WARN_UNDECLARED_SELECTOR = YES;
				GCC_WARN_UNINITIALIZED_AUTOS = YES_AGGRESSIVE;
				GCC_WARN_UNUSED_FUNCTION = YES;
				GCC_WARN_UNUSED_VARIABLE = YES;
				IPHONEOS_DEPLOYMENT_TARGET = 10.0;
				MTL_ENABLE_DEBUG_INFO = NO;
				SDKROOT = iphoneos;
				SWIFT_OPTIMIZATION_LEVEL = "-Owholemodule";
				TARGETED_DEVICE_FAMILY = "1,2";
				VALIDATE_PRODUCT = YES;
			};
			name = Release;
		};
		6E318D621DE6079700D7905E /* Debug */ = {
			isa = XCBuildConfiguration;
			buildSettings = {
				ASSETCATALOG_COMPILER_APPICON_NAME = AppIcon;
				DEVELOPMENT_TEAM = 2NS37RR7C6;
				INFOPLIST_FILE = MChat/Info.plist;
				LD_RUNPATH_SEARCH_PATHS = "$(inherited) @executable_path/Frameworks";
				PRODUCT_BUNDLE_IDENTIFIER = com.itaist.MChat;
				PRODUCT_NAME = "$(TARGET_NAME)";
				SWIFT_VERSION = 3.0;
			};
			name = Debug;
		};
		6E318D631DE6079700D7905E /* Release */ = {
			isa = XCBuildConfiguration;
			buildSettings = {
				ASSETCATALOG_COMPILER_APPICON_NAME = AppIcon;
				DEVELOPMENT_TEAM = 2NS37RR7C6;
				INFOPLIST_FILE = MChat/Info.plist;
				LD_RUNPATH_SEARCH_PATHS = "$(inherited) @executable_path/Frameworks";
				PRODUCT_BUNDLE_IDENTIFIER = com.itaist.MChat;
				PRODUCT_NAME = "$(TARGET_NAME)";
				SWIFT_VERSION = 3.0;
			};
			name = Release;
		};
		6E318D651DE6079700D7905E /* Debug */ = {
			isa = XCBuildConfiguration;
			buildSettings = {
				ALWAYS_EMBED_SWIFT_STANDARD_LIBRARIES = YES;
				BUNDLE_LOADER = "$(TEST_HOST)";
				DEVELOPMENT_TEAM = 2NS37RR7C6;
				INFOPLIST_FILE = MChatTests/Info.plist;
				LD_RUNPATH_SEARCH_PATHS = "$(inherited) @executable_path/Frameworks @loader_path/Frameworks";
				PRODUCT_BUNDLE_IDENTIFIER = com.itaist.MChatTests;
				PRODUCT_NAME = "$(TARGET_NAME)";
				SWIFT_VERSION = 3.0;
				TEST_HOST = "$(BUILT_PRODUCTS_DIR)/MChat.app/MChat";
			};
			name = Debug;
		};
		6E318D661DE6079700D7905E /* Release */ = {
			isa = XCBuildConfiguration;
			buildSettings = {
				ALWAYS_EMBED_SWIFT_STANDARD_LIBRARIES = YES;
				BUNDLE_LOADER = "$(TEST_HOST)";
				DEVELOPMENT_TEAM = 2NS37RR7C6;
				INFOPLIST_FILE = MChatTests/Info.plist;
				LD_RUNPATH_SEARCH_PATHS = "$(inherited) @executable_path/Frameworks @loader_path/Frameworks";
				PRODUCT_BUNDLE_IDENTIFIER = com.itaist.MChatTests;
				PRODUCT_NAME = "$(TARGET_NAME)";
				SWIFT_VERSION = 3.0;
				TEST_HOST = "$(BUILT_PRODUCTS_DIR)/MChat.app/MChat";
			};
			name = Release;
		};
		6E318D681DE6079700D7905E /* Debug */ = {
			isa = XCBuildConfiguration;
			buildSettings = {
				ALWAYS_EMBED_SWIFT_STANDARD_LIBRARIES = YES;
				DEVELOPMENT_TEAM = 2NS37RR7C6;
				INFOPLIST_FILE = MChatUITests/Info.plist;
				LD_RUNPATH_SEARCH_PATHS = "$(inherited) @executable_path/Frameworks @loader_path/Frameworks";
				PRODUCT_BUNDLE_IDENTIFIER = com.itaist.MChatUITests;
				PRODUCT_NAME = "$(TARGET_NAME)";
				SWIFT_VERSION = 3.0;
				TEST_TARGET_NAME = MChat;
			};
			name = Debug;
		};
		6E318D691DE6079700D7905E /* Release */ = {
			isa = XCBuildConfiguration;
			buildSettings = {
				ALWAYS_EMBED_SWIFT_STANDARD_LIBRARIES = YES;
				DEVELOPMENT_TEAM = 2NS37RR7C6;
				INFOPLIST_FILE = MChatUITests/Info.plist;
				LD_RUNPATH_SEARCH_PATHS = "$(inherited) @executable_path/Frameworks @loader_path/Frameworks";
				PRODUCT_BUNDLE_IDENTIFIER = com.itaist.MChatUITests;
				PRODUCT_NAME = "$(TARGET_NAME)";
				SWIFT_VERSION = 3.0;
				TEST_TARGET_NAME = MChat;
			};
			name = Release;
		};
/* End XCBuildConfiguration section */

/* Begin XCConfigurationList section */
		6E318D341DE6079700D7905E /* Build configuration list for PBXProject "MChat" */ = {
			isa = XCConfigurationList;
			buildConfigurations = (
				6E318D5F1DE6079700D7905E /* Debug */,
				6E318D601DE6079700D7905E /* Release */,
			);
			defaultConfigurationIsVisible = 0;
			defaultConfigurationName = Release;
		};
		6E318D611DE6079700D7905E /* Build configuration list for PBXNativeTarget "MChat" */ = {
			isa = XCConfigurationList;
			buildConfigurations = (
				6E318D621DE6079700D7905E /* Debug */,
				6E318D631DE6079700D7905E /* Release */,
			);
			defaultConfigurationIsVisible = 0;
		};
		6E318D641DE6079700D7905E /* Build configuration list for PBXNativeTarget "MChatTests" */ = {
			isa = XCConfigurationList;
			buildConfigurations = (
				6E318D651DE6079700D7905E /* Debug */,
				6E318D661DE6079700D7905E /* Release */,
			);
			defaultConfigurationIsVisible = 0;
		};
		6E318D671DE6079700D7905E /* Build configuration list for PBXNativeTarget "MChatUITests" */ = {
			isa = XCConfigurationList;
			buildConfigurations = (
				6E318D681DE6079700D7905E /* Debug */,
				6E318D691DE6079700D7905E /* Release */,
			);
			defaultConfigurationIsVisible = 0;
		};
/* End XCConfigurationList section */
	};
	rootObject = 6E318D311DE6079700D7905E /* Project object */;
}
